
Microsoft Visual Studio Solution File, Format Version 12.00
# Visual Studio Version 17
VisualStudioVersion = 17.0.32014.148
MinimumVisualStudioVersion = 10.0.40219.1
Project("{8BC9CEB8-8B4A-11D0-8D11-00A0C91BC942}") = "WindowsPackageManager", "WindowsPackageManager\WindowsPackageManager.vcxproj", "{5A811B43-A658-4F01-AB85-8352609B4081}"
EndProject
Project("{8BC9CEB8-8B4A-11D0-8D11-00A0C91BC942}") = "WindowsPackageManagerDll", "WindowsPackageManagerDll\WindowsPackageManagerDll.vcxproj", "{154E2B7A-54CA-45E1-B31E-86440892EDD5}"
EndProject
Project("{FAE04EC0-301F-11D3-BF4B-00C04F79EFBC}") = "WindowsPackageManagerService", "WindowsPackageManagerService\WindowsPackageManagerService.csproj", "{24C159AF-B658-4AB8-AA16-E018DD37673A}"
EndProject
Project("{9A19103F-16F7-4668-BE54-9A1E7A4F7556}") = "WindowsPackageManagerUI", "WindowsPackageManagerUI\WindowsPackageManagerUI.csproj", "{009F7650-B69B-4007-BA95-835B00937DA9}"
EndProject
Project("{9A19103F-16F7-4668-BE54-9A1E7A4F7556}") = "WindowsPackageManagerUI.Core", "WindowsPackageManagerUI.Core\WindowsPackageManagerUI.Core.csproj", "{813B29A7-8341-4B84-A84B-42BBCBC4909C}"
EndProject
Project("{9A19103F-16F7-4668-BE54-9A1E7A4F7556}") = "WindowsPackageManagerUserInterface", "WindowsPackageManagerUserInterface\WindowsPackageManagerUserInterface.csproj", "{F0B97964-7A0D-41ED-A68A-97D603C8A63D}"
EndProject
Project("{2150E333-8FDC-42A3-9474-1A3956D46DE8}") = "Elementy rozwiązania", "Elementy rozwiązania", "{9F3A49D9-1FA7-44F6-B009-7E56E624648C}"
	ProjectSection(SolutionItems) = preProject
		README.md = README.md
	EndProjectSection
EndProject
Global
	GlobalSection(SolutionConfigurationPlatforms) = preSolution
		Debug|Any CPU = Debug|Any CPU
		Debug|ARM64 = Debug|ARM64
		Debug|x64 = Debug|x64
		Debug|x86 = Debug|x86
		Release|Any CPU = Release|Any CPU
		Release|ARM64 = Release|ARM64
		Release|x64 = Release|x64
		Release|x86 = Release|x86
	EndGlobalSection
	GlobalSection(ProjectConfigurationPlatforms) = postSolution
		{5A811B43-A658-4F01-AB85-8352609B4081}.Debug|Any CPU.ActiveCfg = Debug|x64
		{5A811B43-A658-4F01-AB85-8352609B4081}.Debug|Any CPU.Build.0 = Debug|x64
		{5A811B43-A658-4F01-AB85-8352609B4081}.Debug|Any CPU.Deploy.0 = Debug|x64
		{5A811B43-A658-4F01-AB85-8352609B4081}.Debug|ARM64.ActiveCfg = Debug|ARM64
		{5A811B43-A658-4F01-AB85-8352609B4081}.Debug|ARM64.Build.0 = Debug|ARM64
		{5A811B43-A658-4F01-AB85-8352609B4081}.Debug|ARM64.Deploy.0 = Debug|ARM64
		{5A811B43-A658-4F01-AB85-8352609B4081}.Debug|x64.ActiveCfg = Debug|x64
		{5A811B43-A658-4F01-AB85-8352609B4081}.Debug|x64.Build.0 = Debug|x64
		{5A811B43-A658-4F01-AB85-8352609B4081}.Debug|x64.Deploy.0 = Debug|x64
		{5A811B43-A658-4F01-AB85-8352609B4081}.Debug|x86.ActiveCfg = Debug|x64
		{5A811B43-A658-4F01-AB85-8352609B4081}.Debug|x86.Build.0 = Debug|x64
		{5A811B43-A658-4F01-AB85-8352609B4081}.Debug|x86.Deploy.0 = Debug|x64
		{5A811B43-A658-4F01-AB85-8352609B4081}.Release|Any CPU.ActiveCfg = Release|x64
		{5A811B43-A658-4F01-AB85-8352609B4081}.Release|Any CPU.Build.0 = Release|x64
		{5A811B43-A658-4F01-AB85-8352609B4081}.Release|Any CPU.Deploy.0 = Release|x64
		{5A811B43-A658-4F01-AB85-8352609B4081}.Release|ARM64.ActiveCfg = Release|ARM64
		{5A811B43-A658-4F01-AB85-8352609B4081}.Release|ARM64.Build.0 = Release|ARM64
		{5A811B43-A658-4F01-AB85-8352609B4081}.Release|ARM64.Deploy.0 = Release|ARM64
		{5A811B43-A658-4F01-AB85-8352609B4081}.Release|x64.ActiveCfg = Debug|x64
		{5A811B43-A658-4F01-AB85-8352609B4081}.Release|x64.Build.0 = Debug|x64
		{5A811B43-A658-4F01-AB85-8352609B4081}.Release|x64.Deploy.0 = Debug|x64
		{5A811B43-A658-4F01-AB85-8352609B4081}.Release|x86.ActiveCfg = Release|x64
		{5A811B43-A658-4F01-AB85-8352609B4081}.Release|x86.Build.0 = Release|x64
		{5A811B43-A658-4F01-AB85-8352609B4081}.Release|x86.Deploy.0 = Release|x64
		{154E2B7A-54CA-45E1-B31E-86440892EDD5}.Debug|Any CPU.ActiveCfg = Debug|x64
		{154E2B7A-54CA-45E1-B31E-86440892EDD5}.Debug|Any CPU.Build.0 = Debug|x64
		{154E2B7A-54CA-45E1-B31E-86440892EDD5}.Debug|ARM64.ActiveCfg = Debug|x64
		{154E2B7A-54CA-45E1-B31E-86440892EDD5}.Debug|ARM64.Build.0 = Debug|x64
		{154E2B7A-54CA-45E1-B31E-86440892EDD5}.Debug|x64.ActiveCfg = Debug|x64
		{154E2B7A-54CA-45E1-B31E-86440892EDD5}.Debug|x64.Build.0 = Debug|x64
		{154E2B7A-54CA-45E1-B31E-86440892EDD5}.Debug|x86.ActiveCfg = Debug|Win32
		{154E2B7A-54CA-45E1-B31E-86440892EDD5}.Debug|x86.Build.0 = Debug|Win32
		{154E2B7A-54CA-45E1-B31E-86440892EDD5}.Release|Any CPU.ActiveCfg = Release|x64
		{154E2B7A-54CA-45E1-B31E-86440892EDD5}.Release|Any CPU.Build.0 = Release|x64
		{154E2B7A-54CA-45E1-B31E-86440892EDD5}.Release|ARM64.ActiveCfg = Release|x64
		{154E2B7A-54CA-45E1-B31E-86440892EDD5}.Release|ARM64.Build.0 = Release|x64
		{154E2B7A-54CA-45E1-B31E-86440892EDD5}.Release|x64.ActiveCfg = Release|x64
		{154E2B7A-54CA-45E1-B31E-86440892EDD5}.Release|x64.Build.0 = Release|x64
		{154E2B7A-54CA-45E1-B31E-86440892EDD5}.Release|x86.ActiveCfg = Release|Win32
		{154E2B7A-54CA-45E1-B31E-86440892EDD5}.Release|x86.Build.0 = Release|Win32
		{24C159AF-B658-4AB8-AA16-E018DD37673A}.Debug|Any CPU.ActiveCfg = Debug|Any CPU
		{24C159AF-B658-4AB8-AA16-E018DD37673A}.Debug|Any CPU.Build.0 = Debug|Any CPU
		{24C159AF-B658-4AB8-AA16-E018DD37673A}.Debug|ARM64.ActiveCfg = Debug|Any CPU
		{24C159AF-B658-4AB8-AA16-E018DD37673A}.Debug|ARM64.Build.0 = Debug|Any CPU
		{24C159AF-B658-4AB8-AA16-E018DD37673A}.Debug|x64.ActiveCfg = Debug|Any CPU
		{24C159AF-B658-4AB8-AA16-E018DD37673A}.Debug|x64.Build.0 = Debug|Any CPU
		{24C159AF-B658-4AB8-AA16-E018DD37673A}.Debug|x86.ActiveCfg = Debug|Any CPU
		{24C159AF-B658-4AB8-AA16-E018DD37673A}.Debug|x86.Build.0 = Debug|Any CPU
		{24C159AF-B658-4AB8-AA16-E018DD37673A}.Release|Any CPU.ActiveCfg = Release|Any CPU
		{24C159AF-B658-4AB8-AA16-E018DD37673A}.Release|Any CPU.Build.0 = Release|Any CPU
		{24C159AF-B658-4AB8-AA16-E018DD37673A}.Release|ARM64.ActiveCfg = Release|Any CPU
		{24C159AF-B658-4AB8-AA16-E018DD37673A}.Release|ARM64.Build.0 = Release|Any CPU
		{24C159AF-B658-4AB8-AA16-E018DD37673A}.Release|x64.ActiveCfg = Release|Any CPU
		{24C159AF-B658-4AB8-AA16-E018DD37673A}.Release|x64.Build.0 = Release|Any CPU
		{24C159AF-B658-4AB8-AA16-E018DD37673A}.Release|x86.ActiveCfg = Release|Any CPU
		{24C159AF-B658-4AB8-AA16-E018DD37673A}.Release|x86.Build.0 = Release|Any CPU
		{009F7650-B69B-4007-BA95-835B00937DA9}.Debug|Any CPU.ActiveCfg = Debug|x64
		{009F7650-B69B-4007-BA95-835B00937DA9}.Debug|Any CPU.Build.0 = Debug|x64
		{009F7650-B69B-4007-BA95-835B00937DA9}.Debug|Any CPU.Deploy.0 = Debug|x64
		{009F7650-B69B-4007-BA95-835B00937DA9}.Debug|ARM64.ActiveCfg = Debug|arm64
		{009F7650-B69B-4007-BA95-835B00937DA9}.Debug|ARM64.Build.0 = Debug|arm64
		{009F7650-B69B-4007-BA95-835B00937DA9}.Debug|ARM64.Deploy.0 = Debug|arm64
		{009F7650-B69B-4007-BA95-835B00937DA9}.Debug|x64.ActiveCfg = Debug|x64
		{009F7650-B69B-4007-BA95-835B00937DA9}.Debug|x64.Build.0 = Debug|x64
		{009F7650-B69B-4007-BA95-835B00937DA9}.Debug|x64.Deploy.0 = Debug|x64
		{009F7650-B69B-4007-BA95-835B00937DA9}.Debug|x86.ActiveCfg = Debug|x86
		{009F7650-B69B-4007-BA95-835B00937DA9}.Debug|x86.Build.0 = Debug|x86
		{009F7650-B69B-4007-BA95-835B00937DA9}.Debug|x86.Deploy.0 = Debug|x86
		{009F7650-B69B-4007-BA95-835B00937DA9}.Release|Any CPU.ActiveCfg = Release|x64
		{009F7650-B69B-4007-BA95-835B00937DA9}.Release|Any CPU.Build.0 = Release|x64
		{009F7650-B69B-4007-BA95-835B00937DA9}.Release|Any CPU.Deploy.0 = Release|x64
		{009F7650-B69B-4007-BA95-835B00937DA9}.Release|ARM64.ActiveCfg = Release|arm64
		{009F7650-B69B-4007-BA95-835B00937DA9}.Release|ARM64.Build.0 = Release|arm64
		{009F7650-B69B-4007-BA95-835B00937DA9}.Release|ARM64.Deploy.0 = Release|arm64
		{009F7650-B69B-4007-BA95-835B00937DA9}.Release|x64.ActiveCfg = Release|x64
		{009F7650-B69B-4007-BA95-835B00937DA9}.Release|x64.Build.0 = Release|x64
		{009F7650-B69B-4007-BA95-835B00937DA9}.Release|x64.Deploy.0 = Release|x64
		{009F7650-B69B-4007-BA95-835B00937DA9}.Release|x86.ActiveCfg = Release|x86
		{009F7650-B69B-4007-BA95-835B00937DA9}.Release|x86.Build.0 = Release|x86
		{009F7650-B69B-4007-BA95-835B00937DA9}.Release|x86.Deploy.0 = Release|x86
		{813B29A7-8341-4B84-A84B-42BBCBC4909C}.Debug|Any CPU.ActiveCfg = Debug|Any CPU
		{813B29A7-8341-4B84-A84B-42BBCBC4909C}.Debug|Any CPU.Build.0 = Debug|Any CPU
		{813B29A7-8341-4B84-A84B-42BBCBC4909C}.Debug|ARM64.ActiveCfg = Debug|arm64
		{813B29A7-8341-4B84-A84B-42BBCBC4909C}.Debug|ARM64.Build.0 = Debug|arm64
		{813B29A7-8341-4B84-A84B-42BBCBC4909C}.Debug|x64.ActiveCfg = Debug|x64
		{813B29A7-8341-4B84-A84B-42BBCBC4909C}.Debug|x64.Build.0 = Debug|x64
		{813B29A7-8341-4B84-A84B-42BBCBC4909C}.Debug|x86.ActiveCfg = Debug|x86
		{813B29A7-8341-4B84-A84B-42BBCBC4909C}.Debug|x86.Build.0 = Debug|x86
		{813B29A7-8341-4B84-A84B-42BBCBC4909C}.Release|Any CPU.ActiveCfg = Release|Any CPU
		{813B29A7-8341-4B84-A84B-42BBCBC4909C}.Release|Any CPU.Build.0 = Release|Any CPU
		{813B29A7-8341-4B84-A84B-42BBCBC4909C}.Release|ARM64.ActiveCfg = Release|arm64
		{813B29A7-8341-4B84-A84B-42BBCBC4909C}.Release|ARM64.Build.0 = Release|arm64
		{813B29A7-8341-4B84-A84B-42BBCBC4909C}.Release|x64.ActiveCfg = Release|x64
		{813B29A7-8341-4B84-A84B-42BBCBC4909C}.Release|x64.Build.0 = Release|x64
		{813B29A7-8341-4B84-A84B-42BBCBC4909C}.Release|x86.ActiveCfg = Release|x86
		{813B29A7-8341-4B84-A84B-42BBCBC4909C}.Release|x86.Build.0 = Release|x86
		{F0B97964-7A0D-41ED-A68A-97D603C8A63D}.Debug|Any CPU.ActiveCfg = Debug|x64
		{F0B97964-7A0D-41ED-A68A-97D603C8A63D}.Debug|Any CPU.Build.0 = Debug|x64
		{F0B97964-7A0D-41ED-A68A-97D603C8A63D}.Debug|Any CPU.Deploy.0 = Debug|x64
		{F0B97964-7A0D-41ED-A68A-97D603C8A63D}.Debug|ARM64.ActiveCfg = Debug|arm64
		{F0B97964-7A0D-41ED-A68A-97D603C8A63D}.Debug|ARM64.Build.0 = Debug|arm64
		{F0B97964-7A0D-41ED-A68A-97D603C8A63D}.Debug|ARM64.Deploy.0 = Debug|arm64
		{F0B97964-7A0D-41ED-A68A-97D603C8A63D}.Debug|x64.ActiveCfg = Debug|x64
		{F0B97964-7A0D-41ED-A68A-97D603C8A63D}.Debug|x64.Build.0 = Debug|x64
		{F0B97964-7A0D-41ED-A68A-97D603C8A63D}.Debug|x64.Deploy.0 = Debug|x64
		{F0B97964-7A0D-41ED-A68A-97D603C8A63D}.Debug|x86.ActiveCfg = Debug|x86
		{F0B97964-7A0D-41ED-A68A-97D603C8A63D}.Debug|x86.Build.0 = Debug|x86
		{F0B97964-7A0D-41ED-A68A-97D603C8A63D}.Debug|x86.Deploy.0 = Debug|x86
		{F0B97964-7A0D-41ED-A68A-97D603C8A63D}.Release|Any CPU.ActiveCfg = Release|x64
		{F0B97964-7A0D-41ED-A68A-97D603C8A63D}.Release|Any CPU.Build.0 = Release|x64
		{F0B97964-7A0D-41ED-A68A-97D603C8A63D}.Release|Any CPU.Deploy.0 = Release|x64
		{F0B97964-7A0D-41ED-A68A-97D603C8A63D}.Release|ARM64.ActiveCfg = Release|arm64
		{F0B97964-7A0D-41ED-A68A-97D603C8A63D}.Release|ARM64.Build.0 = Release|arm64
		{F0B97964-7A0D-41ED-A68A-97D603C8A63D}.Release|ARM64.Deploy.0 = Release|arm64
		{F0B97964-7A0D-41ED-A68A-97D603C8A63D}.Release|x64.ActiveCfg = Release|x64
		{F0B97964-7A0D-41ED-A68A-97D603C8A63D}.Release|x64.Build.0 = Release|x64
		{F0B97964-7A0D-41ED-A68A-97D603C8A63D}.Release|x64.Deploy.0 = Release|x64
		{F0B97964-7A0D-41ED-A68A-97D603C8A63D}.Release|x86.ActiveCfg = Release|x86
		{F0B97964-7A0D-41ED-A68A-97D603C8A63D}.Release|x86.Build.0 = Release|x86
		{F0B97964-7A0D-41ED-A68A-97D603C8A63D}.Release|x86.Deploy.0 = Release|x86
	EndGlobalSection
	GlobalSection(SolutionProperties) = preSolution
		HideSolutionNode = FALSE
	EndGlobalSection
	GlobalSection(ExtensibilityGlobals) = postSolution
		SolutionGuid = {C692F785-468E-4658-840F-84D2AD69078C}
	EndGlobalSection
EndGlobal
